
Microsoft Visual Studio Solution File, Format Version 12.00
# Visual Studio 15
Project("{FAE04EC0-301F-11D3-BF4B-00C04F79EFBC}") = "create_video", "create_video\create_video.csproj", "{CAE13A7D-ACCF-466D-AE46-88935832FFBB}"
EndProject
Global
	GlobalSection(SolutionConfigurationPlatforms) = preSolution
		Debug|Any CPU = Debug|Any CPU
		Release|Any CPU = Release|Any CPU
	EndGlobalSection
	GlobalSection(ProjectConfigurationPlatforms) = postSolution
		{CAE13A7D-ACCF-466D-AE46-88935832FFBB}.Debug|Any CPU.ActiveCfg = Debug|Any CPU
		{CAE13A7D-ACCF-466D-AE46-88935832FFBB}.Debug|Any CPU.Build.0 = Debug|Any CPU
		{CAE13A7D-ACCF-466D-AE46-88935832FFBB}.Release|Any CPU.ActiveCfg = Release|Any CPU
		{CAE13A7D-ACCF-466D-AE46-88935832FFBB}.Release|Any CPU.Build.0 = Release|Any CPU
	EndGlobalSection
EndGlobal
